
Microsoft Visual Studio Solution File, Format Version 12.00
# Visual Studio Version 17
VisualStudioVersion = 17.7.34024.191
MinimumVisualStudioVersion = 10.0.40219.1
Project("{FAE04EC0-301F-11D3-BF4B-00C04F79EFBC}") = "DsAssignment1", "DsAssignment1\DsAssignment1.csproj", "{4DEDB4C6-157B-4DF7-AF63-1265CEC083AE}"
EndProject
Global
	GlobalSection(SolutionConfigurationPlatforms) = preSolution
		Debug|Any CPU = Debug|Any CPU
		Release|Any CPU = Release|Any CPU
	EndGlobalSection
	GlobalSection(ProjectConfigurationPlatforms) = postSolution
		{4DEDB4C6-157B-4DF7-AF63-1265CEC083AE}.Debug|Any CPU.ActiveCfg = Debug|Any CPU
		{4DEDB4C6-157B-4DF7-AF63-1265CEC083AE}.Debug|Any CPU.Build.0 = Debug|Any CPU
		{4DEDB4C6-157B-4DF7-AF63-1265CEC083AE}.Release|Any CPU.ActiveCfg = Release|Any CPU
		{4DEDB4C6-157B-4DF7-AF63-1265CEC083AE}.Release|Any CPU.Build.0 = Release|Any CPU
	EndGlobalSection
	GlobalSection(SolutionProperties) = preSolution
		HideSolutionNode = FALSE
	EndGlobalSection
	GlobalSection(ExtensibilityGlobals) = postSolution
		SolutionGuid = {41894692-D773-4931-BA4E-B81C1E97A1BC}
	EndGlobalSection
EndGlobal
